
Microsoft Visual Studio Solution File, Format Version 12.00
# Visual Studio Version 16
VisualStudioVersion = 16.0.29519.87
MinimumVisualStudioVersion = 10.0.40219.1
Project("{F184B08F-C81C-45F6-A57F-5ABD9991F28F}") = "Tributos_2.0", "Tributos_2.0\Tributos_2.0.vbproj", "{A31C57F3-BD49-4327-902A-604B83C4CB47}"
EndProject
Project("{54435603-DBB4-11D2-8724-00A0C9A8B90C}") = "Instalador_Tributos", "Instalador_Tributos\Instalador_Tributos.vdproj", "{DF4E95C1-3B35-4423-9C94-C01BD268DFD7}"
EndProject
Global
	GlobalSection(SolutionConfigurationPlatforms) = preSolution
		Debug|Any CPU = Debug|Any CPU
		Debug|x64 = Debug|x64
		Debug|x86 = Debug|x86
		Release|Any CPU = Release|Any CPU
		Release|x64 = Release|x64
		Release|x86 = Release|x86
	EndGlobalSection
	GlobalSection(ProjectConfigurationPlatforms) = postSolution
		{A31C57F3-BD49-4327-902A-604B83C4CB47}.Debug|Any CPU.ActiveCfg = Debug|Any CPU
		{A31C57F3-BD49-4327-902A-604B83C4CB47}.Debug|Any CPU.Build.0 = Debug|Any CPU
		{A31C57F3-BD49-4327-902A-604B83C4CB47}.Debug|x64.ActiveCfg = Debug|x64
		{A31C57F3-BD49-4327-902A-604B83C4CB47}.Debug|x64.Build.0 = Debug|x64
		{A31C57F3-BD49-4327-902A-604B83C4CB47}.Debug|x86.ActiveCfg = Debug|x86
		{A31C57F3-BD49-4327-902A-604B83C4CB47}.Debug|x86.Build.0 = Debug|x86
		{A31C57F3-BD49-4327-902A-604B83C4CB47}.Release|Any CPU.ActiveCfg = Release|Any CPU
		{A31C57F3-BD49-4327-902A-604B83C4CB47}.Release|Any CPU.Build.0 = Release|Any CPU
		{A31C57F3-BD49-4327-902A-604B83C4CB47}.Release|x64.ActiveCfg = Release|x64
		{A31C57F3-BD49-4327-902A-604B83C4CB47}.Release|x64.Build.0 = Release|x64
		{A31C57F3-BD49-4327-902A-604B83C4CB47}.Release|x86.ActiveCfg = Release|x86
		{A31C57F3-BD49-4327-902A-604B83C4CB47}.Release|x86.Build.0 = Release|x86
		{DF4E95C1-3B35-4423-9C94-C01BD268DFD7}.Debug|Any CPU.ActiveCfg = Debug
		{DF4E95C1-3B35-4423-9C94-C01BD268DFD7}.Debug|x64.ActiveCfg = Debug
		{DF4E95C1-3B35-4423-9C94-C01BD268DFD7}.Debug|x64.Build.0 = Debug
		{DF4E95C1-3B35-4423-9C94-C01BD268DFD7}.Debug|x86.ActiveCfg = Debug
		{DF4E95C1-3B35-4423-9C94-C01BD268DFD7}.Debug|x86.Build.0 = Debug
		{DF4E95C1-3B35-4423-9C94-C01BD268DFD7}.Release|Any CPU.ActiveCfg = Release
		{DF4E95C1-3B35-4423-9C94-C01BD268DFD7}.Release|x64.ActiveCfg = Release
		{DF4E95C1-3B35-4423-9C94-C01BD268DFD7}.Release|x64.Build.0 = Release
		{DF4E95C1-3B35-4423-9C94-C01BD268DFD7}.Release|x86.ActiveCfg = Release
		{DF4E95C1-3B35-4423-9C94-C01BD268DFD7}.Release|x86.Build.0 = Release
	EndGlobalSection
	GlobalSection(SolutionProperties) = preSolution
		HideSolutionNode = FALSE
	EndGlobalSection
	GlobalSection(ExtensibilityGlobals) = postSolution
		SolutionGuid = {A8EBB64C-6C8C-477F-9FE8-C10C6237E49B}
	EndGlobalSection
EndGlobal
